
Microsoft Visual Studio Solution File, Format Version 12.00
# Visual Studio Version 17
VisualStudioVersion = 17.1.32328.378
MinimumVisualStudioVersion = 10.0.40219.1
Project("{FAE04EC0-301F-11D3-BF4B-00C04F79EFBC}") = "Assingmebt4switch", "Assingmebt4switch\Assingmebt4switch.csproj", "{3DFDBF34-17A0-4EE7-B3D9-83D4FD5AEADD}"
EndProject
Global
	GlobalSection(SolutionConfigurationPlatforms) = preSolution
		Debug|Any CPU = Debug|Any CPU
		Release|Any CPU = Release|Any CPU
	EndGlobalSection
	GlobalSection(ProjectConfigurationPlatforms) = postSolution
		{3DFDBF34-17A0-4EE7-B3D9-83D4FD5AEADD}.Debug|Any CPU.ActiveCfg = Debug|Any CPU
		{3DFDBF34-17A0-4EE7-B3D9-83D4FD5AEADD}.Debug|Any CPU.Build.0 = Debug|Any CPU
		{3DFDBF34-17A0-4EE7-B3D9-83D4FD5AEADD}.Release|Any CPU.ActiveCfg = Release|Any CPU
		{3DFDBF34-17A0-4EE7-B3D9-83D4FD5AEADD}.Release|Any CPU.Build.0 = Release|Any CPU
	EndGlobalSection
	GlobalSection(SolutionProperties) = preSolution
		HideSolutionNode = FALSE
	EndGlobalSection
	GlobalSection(ExtensibilityGlobals) = postSolution
		SolutionGuid = {1EC37E3D-0F31-4087-A0C4-3B524BEFD96F}
	EndGlobalSection
EndGlobal
